// !$*UTF8*$!
{
	archiveVersion = 1;
	classes = {
	};
	objectVersion = 48;
	objects = {

/* Begin PBXBuildFile section */
		FC27BE0C1FCE120500E455AF /* AppDelegate.swift in Sources */ = {isa = PBXBuildFile; fileRef = FC27BE0B1FCE120500E455AF /* AppDelegate.swift */; };
		FC27BE0E1FCE120500E455AF /* ViewController.swift in Sources */ = {isa = PBXBuildFile; fileRef = FC27BE0D1FCE120500E455AF /* ViewController.swift */; };
		FC27BE111FCE120500E455AF /* Main.storyboard in Resources */ = {isa = PBXBuildFile; fileRef = FC27BE0F1FCE120500E455AF /* Main.storyboard */; };
		FC27BE131FCE120500E455AF /* Assets.xcassets in Resources */ = {isa = PBXBuildFile; fileRef = FC27BE121FCE120500E455AF /* Assets.xcassets */; };
		FC27BE161FCE120500E455AF /* LaunchScreen.storyboard in Resources */ = {isa = PBXBuildFile; fileRef = FC27BE141FCE120500E455AF /* LaunchScreen.storyboard */; };
/* End PBXBuildFile section */

/* Begin PBXFileReference section */
		FC27BE081FCE120500E455AF /* rock-paper-scissors.app */ = {isa = PBXFileReference; explicitFileType = wrapper.application; includeInIndex = 0; path = "rock-paper-scissors.app"; sourceTree = BUILT_PRODUCTS_DIR; };
		FC27BE0B1FCE120500E455AF /* AppDelegate.swift */ = {isa = PBXFileReference; lastKnownFileType = sourcecode.swift; path = AppDelegate.swift; sourceTree = "<group>"; };
		FC27BE0D1FCE120500E455AF /* ViewController.swift */ = {isa = PBXFileReference; lastKnownFileType = sourcecode.swift; path = ViewController.swift; sourceTree = "<group>"; };
		FC27BE101FCE120500E455AF /* Base */ = {isa = PBXFileReference; lastKnownFileType = file.storyboard; name = Base; path = Base.lproj/Main.storyboard; sourceTree = "<group>"; };
		FC27BE121FCE120500E455AF /* Assets.xcassets */ = {isa = PBXFileReference; lastKnownFileType = folder.assetcatalog; path = Assets.xcassets; sourceTree = "<group>"; };
		FC27BE151FCE120500E455AF /* Base */ = {isa = PBXFileReference; lastKnownFileType = file.storyboard; name = Base; path = Base.lproj/LaunchScreen.storyboard; sourceTree = "<group>"; };
		FC27BE171FCE120500E455AF /* Info.plist */ = {isa = PBXFileReference; lastKnownFileType = text.plist.xml; path = Info.plist; sourceTree = "<group>"; };
/* End PBXFileReference section */

/* Begin PBXFrameworksBuildPhase section */
		FC27BE051FCE120500E455AF /* Frameworks */ = {
			isa = PBXFrameworksBuildPhase;
			buildActionMask = 2147483647;
			files = (
			);
			runOnlyForDeploymentPostprocessing = 0;
		};
/* End PBXFrameworksBuildPhase section */

/* Begin PBXGroup section */
		FC27BDFF1FCE120500E455AF = {
			isa = PBXGroup;
			children = (
				FC27BE0A1FCE120500E455AF /* rock-paper-scissors */,
				FC27BE091FCE120500E455AF /* Products */,
			);
			sourceTree = "<group>";
		};
		FC27BE091FCE120500E455AF /* Products */ = {
			isa = PBXGroup;
			children = (
				FC27BE081FCE120500E455AF /* rock-paper-scissors.app */,
			);
			name = Products;
			sourceTree = "<group>";
		};
		FC27BE0A1FCE120500E455AF /* rock-paper-scissors */ = {
			isa = PBXGroup;
			children = (
				FC27BE0B1FCE120500E455AF /* AppDelegate.swift */,
				FC27BE0D1FCE120500E455AF /* ViewController.swift */,
				FC27BE0F1FCE120500E455AF /* Main.storyboard */,
				FC27BE121FCE120500E455AF /* Assets.xcassets */,
				FC27BE141FCE120500E455AF /* LaunchScreen.storyboard */,
				FC27BE171FCE120500E455AF /* Info.plist */,
			);
			path = "rock-paper-scissors";
			sourceTree = "<group>";
		};
/* End PBXGroup section */

/* Begin PBXNativeTarget section */
		FC27BE071FCE120500E455AF /* rock-paper-scissors */ = {
			isa = PBXNativeTarget;
			buildConfigurationList = FC27BE1A1FCE120500E455AF /* Build configuration list for PBXNativeTarget "rock-paper-scissors" */;
			buildPhases = (
				FC27BE041FCE120500E455AF /* Sources */,
				FC27BE051FCE120500E455AF /* Frameworks */,
				FC27BE061FCE120500E455AF /* Resources */,
			);
			buildRules = (
			);
			dependencies = (
			);
			name = "rock-paper-scissors";
			productName = "rock-paper-scissors";
			productReference = FC27BE081FCE120500E455AF /* rock-paper-scissors.app */;
			productType = "com.apple.product-type.application";
		};
/* End PBXNativeTarget section */

/* Begin PBXProject section */
		FC27BE001FCE120500E455AF /* Project object */ = {
			isa = PBXProject;
			attributes = {
				LastSwiftUpdateCheck = 0910;
				LastUpgradeCheck = 0910;
				ORGANIZATIONNAME = "Azat IOS";
				TargetAttributes = {
					FC27BE071FCE120500E455AF = {
						CreatedOnToolsVersion = 9.1;
						ProvisioningStyle = Automatic;
					};
				};
			};
			buildConfigurationList = FC27BE031FCE120500E455AF /* Build configuration list for PBXProject "rock-paper-scissors" */;
			compatibilityVersion = "Xcode 8.0";
			developmentRegion = en;
			hasScannedForEncodings = 0;
			knownRegions = (
				en,
				Base,
			);
			mainGroup = FC27BDFF1FCE120500E455AF;
			productRefGroup = FC27BE091FCE120500E455AF /* Products */;
			projectDirPath = "";
			projectRoot = "";
			targets = (
				FC27BE071FCE120500E455AF /* rock-paper-scissors */,
			);
		};
/* End PBXProject section */

/* Begin PBXResourcesBuildPhase section */
		FC27BE061FCE120500E455AF /* Resources */ = {
			isa = PBXResourcesBuildPhase;
			buildActionMask = 2147483647;
			files = (
				FC27BE161FCE120500E455AF /* LaunchScreen.storyboard in Resources */,
				FC27BE131FCE120500E455AF /* Assets.xcassets in Resources */,
				FC27BE111FCE120500E455AF /* Main.storyboard in Resources */,
			);
			runOnlyForDeploymentPostprocessing = 0;
		};
/* End PBXResourcesBuildPhase section */

/* Begin PBXSourcesBuildPhase section */
		FC27BE041FCE120500E455AF /* Sources */ = {
			isa = PBXSourcesBuildPhase;
			buildActionMask = 2147483647;
			files = (
				FC27BE0E1FCE120500E455AF /* ViewController.swift in Sources */,
				FC27BE0C1FCE120500E455AF /* AppDelegate.swift in Sources */,
			);
			runOnlyForDeploymentPostprocessing = 0;
		};
/* End PBXSourcesBuildPhase section */

/* Begin PBXVariantGroup section */
		FC27BE0F1FCE120500E455AF /* Main.storyboard */ = {
			isa = PBXVariantGroup;
			children = (
				FC27BE101FCE120500E455AF /* Base */,
			);
			name = Main.storyboard;
			sourceTree = "<group>";
		};
		FC27BE141FCE120500E455AF /* LaunchScreen.storyboard */ = {
			isa = PBXVariantGroup;
			children = (
				FC27BE151FCE120500E455AF /* Base */,
			);
			name = LaunchScreen.storyboard;
			sourceTree = "<group>";
		};
/* End PBXVariantGroup section */

/* Begin XCBuildConfiguration section */
		FC27BE181FCE120500E455AF /* Debug */ = {
			isa = XCBuildConfiguration;
			buildSettings = {
				ALWAYS_SEARCH_USER_PATHS = NO;
				CLANG_ANALYZER_NONNULL = YES;
				CLANG_ANALYZER_NUMBER_OBJECT_CONVERSION = YES_AGGRESSIVE;
				CLANG_CXX_LANGUAGE_STANDARD = "gnu++14";
				CLANG_CXX_LIBRARY = "libc++";
				CLANG_ENABLE_MODULES = YES;
				CLANG_ENABLE_OBJC_ARC = YES;
				CLANG_WARN_BLOCK_CAPTURE_AUTORELEASING = YES;
				CLANG_WARN_BOOL_CONVERSION = YES;
				CLANG_WARN_COMMA = YES;
				CLANG_WARN_CONSTANT_CONVERSION = YES;
				CLANG_WARN_DIRECT_OBJC_ISA_USAGE = YES_ERROR;
				CLANG_WARN_DOCUMENTATION_COMMENTS = YES;
				CLANG_WARN_EMPTY_BODY = YES;
				CLANG_WARN_ENUM_CONVERSION = YES;
				CLANG_WARN_INFINITE_RECURSION = YES;
				CLANG_WARN_INT_CONVERSION = YES;
				CLANG_WARN_NON_LITERAL_NULL_CONVERSION = YES;
				CLANG_WARN_OBJC_LITERAL_CONVERSION = YES;
				CLANG_WARN_OBJC_ROOT_CLASS = YES_ERROR;
				CLANG_WARN_RANGE_LOOP_ANALYSIS = YES;
				CLANG_WARN_STRICT_PROTOTYPES = YES;
				CLANG_WARN_SUSPICIOUS_MOVE = YES;
				CLANG_WARN_UNGUARDED_AVAILABILITY = YES_AGGRESSIVE;
				CLANG_WARN_UNREACHABLE_CODE = YES;
				CLANG_WARN__DUPLICATE_METHOD_MATCH = YES;
				CODE_SIGN_IDENTITY = "iPhone Developer";
				COPY_PHASE_STRIP = NO;
				DEBUG_INFORMATION_FORMAT = dwarf;
				ENABLE_STRICT_OBJC_MSGSEND = YES;
				ENABLE_TESTABILITY = YES;
				GCC_C_LANGUAGE_STANDARD = gnu11;
				GCC_DYNAMIC_NO_PIC = NO;
				GCC_NO_COMMON_BLOCKS = YES;
				GCC_OPTIMIZATION_LEVEL = 0;
				GCC_PREPROCESSOR_DEFINITIONS = (
					"DEBUG=1",
					"$(inherited)",
				);
				GCC_WARN_64_TO_32_BIT_CONVERSION = YES;
				GCC_WARN_ABOUT_RETURN_TYPE = YES_ERROR;
				GCC_WARN_UNDECLARED_SELECTOR = YES;
				GCC_WARN_UNINITIALIZED_AUTOS = YES_AGGRESSIVE;
				GCC_WARN_UNUSED_FUNCTION = YES;
				GCC_WARN_UNUSED_VARIABLE = YES;
				IPHONEOS_DEPLOYMENT_TARGET = 11.1;
				MTL_ENABLE_DEBUG_INFO = YES;
				ONLY_ACTIVE_ARCH = YES;
				SDKROOT = iphoneos;
				SWIFT_ACTIVE_COMPILATION_CONDITIONS = DEBUG;
				SWIFT_OPTIMIZATION_LEVEL = "-Onone";
			};
			name = Debug;
		};
		FC27BE191FCE120500E455AF /* Release */ = {
			isa = XCBuildConfiguration;
			buildSettings = {
				ALWAYS_SEARCH_USER_PATHS = NO;
				CLANG_ANALYZER_NONNULL = YES;
				CLANG_ANALYZER_NUMBER_OBJECT_CONVERSION = YES_AGGRESSIVE;
				CLANG_CXX_LANGUAGE_STANDARD = "gnu++14";
				CLANG_CXX_LIBRARY = "libc++";
				CLANG_ENABLE_MODULES = YES;
				CLANG_ENABLE_OBJC_ARC = YES;
				CLANG_WARN_BLOCK_CAPTURE_AUTORELEASING = YES;
				CLANG_WARN_BOOL_CONVERSION = YES;
				CLANG_WARN_COMMA = YES;
				CLANG_WARN_CONSTANT_CONVERSION = YES;
				CLANG_WARN_DIRECT_OBJC_ISA_USAGE = YES_ERROR;
				CLANG_WARN_DOCUMENTATION_COMMENTS = YES;
				CLANG_WARN_EMPTY_BODY = YES;
				CLANG_WARN_ENUM_CONVERSION = YES;
				CLANG_WARN_INFINITE_RECURSION = YES;
				CLANG_WARN_INT_CONVERSION = YES;
				CLANG_WARN_NON_LITERAL_NULL_CONVERSION = YES;
				CLANG_WARN_OBJC_LITERAL_CONVERSION = YES;
				CLANG_WARN_OBJC_ROOT_CLASS = YES_ERROR;
				CLANG_WARN_RANGE_LOOP_ANALYSIS = YES;
				CLANG_WARN_STRICT_PROTOTYPES = YES;
				CLANG_WARN_SUSPICIOUS_MOVE = YES;
				CLANG_WARN_UNGUARDED_AVAILABILITY = YES_AGGRESSIVE;
				CLANG_WARN_UNREACHABLE_CODE = YES;
				CLANG_WARN__DUPLICATE_METHOD_MATCH = YES;
				CODE_SIGN_IDENTITY = "iPhone Developer";
				COPY_PHASE_STRIP = NO;
				DEBUG_INFORMATION_FORMAT = "dwarf-with-dsym";
				ENABLE_NS_ASSERTIONS = NO;
				ENABLE_STRICT_OBJC_MSGSEND = YES;
				GCC_C_LANGUAGE_STANDARD = gnu11;
				GCC_NO_COMMON_BLOCKS = YES;
				GCC_WARN_64_TO_32_BIT_CONVERSION = YES;
				GCC_WARN_ABOUT_RETURN_TYPE = YES_ERROR;
				GCC_WARN_UNDECLARED_SELECTOR = YES;
				GCC_WARN_UNINITIALIZED_AUTOS = YES_AGGRESSIVE;
				GCC_WARN_UNUSED_FUNCTION = YES;
				GCC_WARN_UNUSED_VARIABLE = YES;
				IPHONEOS_DEPLOYMENT_TARGET = 11.1;
				MTL_ENABLE_DEBUG_INFO = NO;
				SDKROOT = iphoneos;
				SWIFT_OPTIMIZATION_LEVEL = "-Owholemodule";
				VALIDATE_PRODUCT = YES;
			};
			name = Release;
		};
		FC27BE1B1FCE120500E455AF /* Debug */ = {
			isa = XCBuildConfiguration;
			buildSettings = {
				ASSETCATALOG_COMPILER_APPICON_NAME = AppIcon;
				CODE_SIGN_STYLE = Automatic;
				DEVELOPMENT_TEAM = 46F3JWDNJW;
				INFOPLIST_FILE = "rock-paper-scissors/Info.plist";
				LD_RUNPATH_SEARCH_PATHS = "$(inherited) @executable_path/Frameworks";
				PRODUCT_BUNDLE_IDENTIFIER = "easyTechCorporation.rock-paper-scissors";
				PRODUCT_NAME = "$(TARGET_NAME)";
				SWIFT_VERSION = 4.0;
				TARGETED_DEVICE_FAMILY = "1,2";
			};
			name = Debug;
		};
		FC27BE1C1FCE120500E455AF /* Release */ = {
			isa = XCBuildConfiguration;
			buildSettings = {
				ASSETCATALOG_COMPILER_APPICON_NAME = AppIcon;
				CODE_SIGN_STYLE = Automatic;
				DEVELOPMENT_TEAM = 46F3JWDNJW;
				INFOPLIST_FILE = "rock-paper-scissors/Info.plist";
				LD_RUNPATH_SEARCH_PATHS = "$(inherited) @executable_path/Frameworks";
				PRODUCT_BUNDLE_IDENTIFIER = "easyTechCorporation.rock-paper-scissors";
				PRODUCT_NAME = "$(TARGET_NAME)";
				SWIFT_VERSION = 4.0;
				TARGETED_DEVICE_FAMILY = "1,2";
			};
			name = Release;
		};
/* End XCBuildConfiguration section */

/* Begin XCConfigurationList section */
		FC27BE031FCE120500E455AF /* Build configuration list for PBXProject "rock-paper-scissors" */ = {
			isa = XCConfigurationList;
			buildConfigurations = (
				FC27BE181FCE120500E455AF /* Debug */,
				FC27BE191FCE120500E455AF /* Release */,
			);
			defaultConfigurationIsVisible = 0;
			defaultConfigurationName = Release;
		};
		FC27BE1A1FCE120500E455AF /* Build configuration list for PBXNativeTarget "rock-paper-scissors" */ = {
			isa = XCConfigurationList;
			buildConfigurations = (
				FC27BE1B1FCE120500E455AF /* Debug */,
				FC27BE1C1FCE120500E455AF /* Release */,
			);
			defaultConfigurationIsVisible = 0;
			defaultConfigurationName = Release;
		};
/* End XCConfigurationList section */
	};
	rootObject = FC27BE001FCE120500E455AF /* Project object */;
}
